PODS:
  - Flutter (1.0.0)
  - image_picker_ios (0.0.1):
    - Flutter
  - path_provider_foundation (0.0.1):
    - Flutter
    - FlutterMacOS
  - purchases_flutter (9.10.5):
    - Flutter
    - PurchasesHybridCommon (= 17.27.0)
  - PurchasesHybridCommon (17.27.0):
    - RevenueCat (= 5.54.0)
  - RevenueCat (5.54.0)

DEPENDENCIES:
  - Flutter (from `Flutter`)
  - image_picker_ios (from `.symlinks/plugins/image_picker_ios/ios`)
  - path_provider_foundation (from `.symlinks/plugins/path_provider_foundation/darwin`)
  - purchases_flutter (from `.symlinks/plugins/purchases_flutter/ios`)

SPEC REPOS:
  trunk:
    - PurchasesHybridCommon
    - RevenueCat

EXTERNAL SOURCES:
  Flutter:
    :path: Flutter
  image_picker_ios:
    :path: ".symlinks/plugins/image_picker_ios/ios"
  path_provider_foundation:
    :path: ".symlinks/plugins/path_provider_foundation/darwin"
  purchases_flutter:
    :path: ".symlinks/plugins/purchases_flutter/ios"

SPEC CHECKSUMS:
  Flutter: cabc95a1d2626b1b06e7179b784ebcf0c0cde467
  image_picker_ios: e0ece4aa2a75771a7de3fa735d26d90817041326
  path_provider_foundation: 080d55be775b7414fd5a5ef3ac137b97b097e564
  purchases_flutter: d290b98f9984969e98553411077115de875579f3
  PurchasesHybridCommon: 6969808772a0c2ac7df66abe59e0a88a9e42820b
  RevenueCat: c692534cd6f0d0593f1bbe69b32b09a274422419

PODFILE CHECKSUM: 5ea6f68846091114c93fb01bf7c313344160c74e

COCOAPODS: 1.16.2
